github.com/Microsoft/go-winio v0.6.2 h1:F2VQgta7ecxGYO8k3ZZz3RS8fVIXVxONVUPlNERoyfY=
github.com/Microsoft/go-winio v0.6.2/go.mod h1:yd8OoFMLzJbo9gZq8j5qaps8bJ9aShtEA8Ipt1oGCvU=
github.com/ccache/ccache-go-storage-helper v0.1.0 h1:PkgGkLwH0IgDwMsAQvKdoPirT71sEdXqkHw6m8skOM8=
github.com/ccache/ccache-go-storage-helper v0.1.0/go.mod h1:bJuMI9wUOshP28OhLwzwd1nYmQCW1h0tEOZuo6EmWAA=
golang.org/x/sys v0.15.0 h1:h48lPFYpsTvQJZF4EKyI4aLHaev3CxivZmv7yZig9pc=
golang.org/x/sys v0.15.0/go.mod h1:/VUhepiaJMQUp4+oa/7Zr1D23ma6VTLIYjOOTFZPUcA=
